
Microsoft Visual Studio Solution File, Format Version 12.00
# Visual Studio Version 17
VisualStudioVersion = 17.0.31903.59
MinimumVisualStudioVersion = 10.0.40219.1
Project("{FAE04EC0-301F-11D3-BF4B-00C04F79EFBC}") = "eWeather.Frontend", "eWeather.Frontend\eWeather.Frontend.csproj", "{78AAB348-01C5-4BB3-ABC2-9E9515F1ACA2}"
EndProject
Project("{FAE04EC0-301F-11D3-BF4B-00C04F79EFBC}") = "eWeather.Backend", "eWeather.Backend\eWeather.Backend.csproj", "{0FAB4BFD-7E8F-4776-B0BA-570DA1C061DC}"
EndProject
Project("{FAE04EC0-301F-11D3-BF4B-00C04F79EFBC}") = "eWeather.Shared", "eWeather.Shared\eWeather.Shared.csproj", "{8EA4E13F-EB1D-47BB-BB13-8CAAE2B224DE}"
EndProject
Global
	GlobalSection(SolutionConfigurationPlatforms) = preSolution
		Debug|Any CPU = Debug|Any CPU
		Debug|x64 = Debug|x64
		Debug|x86 = Debug|x86
		Release|Any CPU = Release|Any CPU
		Release|x64 = Release|x64
		Release|x86 = Release|x86
	EndGlobalSection
	GlobalSection(ProjectConfigurationPlatforms) = postSolution
		{78AAB348-01C5-4BB3-ABC2-9E9515F1ACA2}.Debug|Any CPU.ActiveCfg = Debug|Any CPU
		{78AAB348-01C5-4BB3-ABC2-9E9515F1ACA2}.Debug|Any CPU.Build.0 = Debug|Any CPU
		{78AAB348-01C5-4BB3-ABC2-9E9515F1ACA2}.Debug|x64.ActiveCfg = Debug|Any CPU
		{78AAB348-01C5-4BB3-ABC2-9E9515F1ACA2}.Debug|x64.Build.0 = Debug|Any CPU
		{78AAB348-01C5-4BB3-ABC2-9E9515F1ACA2}.Debug|x86.ActiveCfg = Debug|Any CPU
		{78AAB348-01C5-4BB3-ABC2-9E9515F1ACA2}.Debug|x86.Build.0 = Debug|Any CPU
		{78AAB348-01C5-4BB3-ABC2-9E9515F1ACA2}.Release|Any CPU.ActiveCfg = Release|Any CPU
		{78AAB348-01C5-4BB3-ABC2-9E9515F1ACA2}.Release|Any CPU.Build.0 = Release|Any CPU
		{78AAB348-01C5-4BB3-ABC2-9E9515F1ACA2}.Release|x64.ActiveCfg = Release|Any CPU
		{78AAB348-01C5-4BB3-ABC2-9E9515F1ACA2}.Release|x64.Build.0 = Release|Any CPU
		{78AAB348-01C5-4BB3-ABC2-9E9515F1ACA2}.Release|x86.ActiveCfg = Release|Any CPU
		{78AAB348-01C5-4BB3-ABC2-9E9515F1ACA2}.Release|x86.Build.0 = Release|Any CPU
		{0FAB4BFD-7E8F-4776-B0BA-570DA1C061DC}.Debug|Any CPU.ActiveCfg = Debug|Any CPU
		{0FAB4BFD-7E8F-4776-B0BA-570DA1C061DC}.Debug|Any CPU.Build.0 = Debug|Any CPU
		{0FAB4BFD-7E8F-4776-B0BA-570DA1C061DC}.Debug|x64.ActiveCfg = Debug|Any CPU
		{0FAB4BFD-7E8F-4776-B0BA-570DA1C061DC}.Debug|x64.Build.0 = Debug|Any CPU
		{0FAB4BFD-7E8F-4776-B0BA-570DA1C061DC}.Debug|x86.ActiveCfg = Debug|Any CPU
		{0FAB4BFD-7E8F-4776-B0BA-570DA1C061DC}.Debug|x86.Build.0 = Debug|Any CPU
		{0FAB4BFD-7E8F-4776-B0BA-570DA1C061DC}.Release|Any CPU.ActiveCfg = Release|Any CPU
		{0FAB4BFD-7E8F-4776-B0BA-570DA1C061DC}.Release|Any CPU.Build.0 = Release|Any CPU
		{0FAB4BFD-7E8F-4776-B0BA-570DA1C061DC}.Release|x64.ActiveCfg = Release|Any CPU
		{0FAB4BFD-7E8F-4776-B0BA-570DA1C061DC}.Release|x64.Build.0 = Release|Any CPU
		{0FAB4BFD-7E8F-4776-B0BA-570DA1C061DC}.Release|x86.ActiveCfg = Release|Any CPU
		{0FAB4BFD-7E8F-4776-B0BA-570DA1C061DC}.Release|x86.Build.0 = Release|Any CPU
		{8EA4E13F-EB1D-47BB-BB13-8CAAE2B224DE}.Debug|Any CPU.ActiveCfg = Debug|Any CPU
		{8EA4E13F-EB1D-47BB-BB13-8CAAE2B224DE}.Debug|Any CPU.Build.0 = Debug|Any CPU
		{8EA4E13F-EB1D-47BB-BB13-8CAAE2B224DE}.Debug|x64.ActiveCfg = Debug|Any CPU
		{8EA4E13F-EB1D-47BB-BB13-8CAAE2B224DE}.Debug|x64.Build.0 = Debug|Any CPU
		{8EA4E13F-EB1D-47BB-BB13-8CAAE2B224DE}.Debug|x86.ActiveCfg = Debug|Any CPU
		{8EA4E13F-EB1D-47BB-BB13-8CAAE2B224DE}.Debug|x86.Build.0 = Debug|Any CPU
		{8EA4E13F-EB1D-47BB-BB13-8CAAE2B224DE}.Release|Any CPU.ActiveCfg = Release|Any CPU
		{8EA4E13F-EB1D-47BB-BB13-8CAAE2B224DE}.Release|Any CPU.Build.0 = Release|Any CPU
		{8EA4E13F-EB1D-47BB-BB13-8CAAE2B224DE}.Release|x64.ActiveCfg = Release|Any CPU
		{8EA4E13F-EB1D-47BB-BB13-8CAAE2B224DE}.Release|x64.Build.0 = Release|Any CPU
		{8EA4E13F-EB1D-47BB-BB13-8CAAE2B224DE}.Release|x86.ActiveCfg = Release|Any CPU
		{8EA4E13F-EB1D-47BB-BB13-8CAAE2B224DE}.Release|x86.Build.0 = Release|Any CPU
	EndGlobalSection
	GlobalSection(SolutionProperties) = preSolution
		HideSolutionNode = FALSE
	EndGlobalSection
EndGlobal
